// !$*UTF8*$!
{
	archiveVersion = 1;
	classes = {
	};
	objectVersion = 50;
	objects = {

/* Begin PBXBuildFile section */
		970420322541C63B004C8042 /* CombinePlaygroundApp.swift in Sources */ = {isa = PBXBuildFile; fileRef = 970420312541C63B004C8042 /* CombinePlaygroundApp.swift */; };
		970420342541C63B004C8042 /* ContentView.swift in Sources */ = {isa = PBXBuildFile; fileRef = 970420332541C63B004C8042 /* ContentView.swift */; };
		970420362541C63C004C8042 /* Assets.xcassets in Resources */ = {isa = PBXBuildFile; fileRef = 970420352541C63C004C8042 /* Assets.xcassets */; };
		970420392541C63C004C8042 /* Preview Assets.xcassets in Resources */ = {isa = PBXBuildFile; fileRef = 970420382541C63C004C8042 /* Preview Assets.xcassets */; };
		970420442541C63C004C8042 /* CombinePlaygroundTests.swift in Sources */ = {isa = PBXBuildFile; fileRef = 970420432541C63C004C8042 /* CombinePlaygroundTests.swift */; };
		9704204F2541C63C004C8042 /* CombinePlaygroundUITests.swift in Sources */ = {isa = PBXBuildFile; fileRef = 9704204E2541C63C004C8042 /* CombinePlaygroundUITests.swift */; };
		97413FF625913C8600CFD482 /* SubscribeOnReceiveOnTests.swift in Sources */ = {isa = PBXBuildFile; fileRef = 97413FF525913C8600CFD482 /* SubscribeOnReceiveOnTests.swift */; };
/* End PBXBuildFile section */

/* Begin PBXContainerItemProxy section */
		970420402541C63C004C8042 /* PBXContainerItemProxy */ = {
			isa = PBXContainerItemProxy;
			containerPortal = 970420262541C63B004C8042 /* Project object */;
			proxyType = 1;
			remoteGlobalIDString = 9704202D2541C63B004C8042;
			remoteInfo = CombinePlayground;
		};
		9704204B2541C63C004C8042 /* PBXContainerItemProxy */ = {
			isa = PBXContainerItemProxy;
			containerPortal = 970420262541C63B004C8042 /* Project object */;
			proxyType = 1;
			remoteGlobalIDString = 9704202D2541C63B004C8042;
			remoteInfo = CombinePlayground;
		};
/* End PBXContainerItemProxy section */

/* Begin PBXFileReference section */
		9704202E2541C63B004C8042 /* CombinePlayground.app */ = {isa = PBXFileReference; explicitFileType = wrapper.application; includeInIndex = 0; path = CombinePlayground.app; sourceTree = BUILT_PRODUCTS_DIR; };
		970420312541C63B004C8042 /* CombinePlaygroundApp.swift */ = {isa = PBXFileReference; lastKnownFileType = sourcecode.swift; path = CombinePlaygroundApp.swift; sourceTree = "<group>"; };
		970420332541C63B004C8042 /* ContentView.swift */ = {isa = PBXFileReference; lastKnownFileType = sourcecode.swift; path = ContentView.swift; sourceTree = "<group>"; };
		970420352541C63C004C8042 /* Assets.xcassets */ = {isa = PBXFileReference; lastKnownFileType = folder.assetcatalog; path = Assets.xcassets; sourceTree = "<group>"; };
		970420382541C63C004C8042 /* Preview Assets.xcassets */ = {isa = PBXFileReference; lastKnownFileType = folder.assetcatalog; path = "Preview Assets.xcassets"; sourceTree = "<group>"; };
		9704203A2541C63C004C8042 /* Info.plist */ = {isa = PBXFileReference; lastKnownFileType = text.plist.xml; path = Info.plist; sourceTree = "<group>"; };
		9704203F2541C63C004C8042 /* CombinePlaygroundTests.xctest */ = {isa = PBXFileReference; explicitFileType = wrapper.cfbundle; includeInIndex = 0; path = CombinePlaygroundTests.xctest; sourceTree = BUILT_PRODUCTS_DIR; };
		970420432541C63C004C8042 /* CombinePlaygroundTests.swift */ = {isa = PBXFileReference; lastKnownFileType = sourcecode.swift; path = CombinePlaygroundTests.swift; sourceTree = "<group>"; };
		970420452541C63C004C8042 /* Info.plist */ = {isa = PBXFileReference; lastKnownFileType = text.plist.xml; path = Info.plist; sourceTree = "<group>"; };
		9704204A2541C63C004C8042 /* CombinePlaygroundUITests.xctest */ = {isa = PBXFileReference; explicitFileType = wrapper.cfbundle; includeInIndex = 0; path = CombinePlaygroundUITests.xctest; sourceTree = BUILT_PRODUCTS_DIR; };
		9704204E2541C63C004C8042 /* CombinePlaygroundUITests.swift */ = {isa = PBXFileReference; lastKnownFileType = sourcecode.swift; path = CombinePlaygroundUITests.swift; sourceTree = "<group>"; };
		970420502541C63C004C8042 /* Info.plist */ = {isa = PBXFileReference; lastKnownFileType = text.plist.xml; path = Info.plist; sourceTree = "<group>"; };
		97413FF525913C8600CFD482 /* SubscribeOnReceiveOnTests.swift */ = {isa = PBXFileReference; lastKnownFileType = sourcecode.swift; path = SubscribeOnReceiveOnTests.swift; sourceTree = "<group>"; };
/* End PBXFileReference section */

/* Begin PBXFrameworksBuildPhase section */
		9704202B2541C63B004C8042 /* Frameworks */ = {
			isa = PBXFrameworksBuildPhase;
			buildActionMask = 2147483647;
			files = (
			);
			runOnlyForDeploymentPostprocessing = 0;
		};
		9704203C2541C63C004C8042 /* Frameworks */ = {
			isa = PBXFrameworksBuildPhase;
			buildActionMask = 2147483647;
			files = (
			);
			runOnlyForDeploymentPostprocessing = 0;
		};
		970420472541C63C004C8042 /* Frameworks */ = {
			isa = PBXFrameworksBuildPhase;
			buildActionMask = 2147483647;
			files = (
			);
			runOnlyForDeploymentPostprocessing = 0;
		};
/* End PBXFrameworksBuildPhase section */

/* Begin PBXGroup section */
		970420252541C63B004C8042 = {
			isa = PBXGroup;
			children = (
				970420302541C63B004C8042 /* CombinePlayground */,
				970420422541C63C004C8042 /* CombinePlaygroundTests */,
				9704204D2541C63C004C8042 /* CombinePlaygroundUITests */,
				9704202F2541C63B004C8042 /* Products */,
			);
			sourceTree = "<group>";
		};
		9704202F2541C63B004C8042 /* Products */ = {
			isa = PBXGroup;
			children = (
				9704202E2541C63B004C8042 /* CombinePlayground.app */,
				9704203F2541C63C004C8042 /* CombinePlaygroundTests.xctest */,
				9704204A2541C63C004C8042 /* CombinePlaygroundUITests.xctest */,
			);
			name = Products;
			sourceTree = "<group>";
		};
		970420302541C63B004C8042 /* CombinePlayground */ = {
			isa = PBXGroup;
			children = (
				970420312541C63B004C8042 /* CombinePlaygroundApp.swift */,
				970420332541C63B004C8042 /* ContentView.swift */,
				970420352541C63C004C8042 /* Assets.xcassets */,
				9704203A2541C63C004C8042 /* Info.plist */,
				970420372541C63C004C8042 /* Preview Content */,
			);
			path = CombinePlayground;
			sourceTree = "<group>";
		};
		970420372541C63C004C8042 /* Preview Content */ = {
			isa = PBXGroup;
			children = (
				970420382541C63C004C8042 /* Preview Assets.xcassets */,
			);
			path = "Preview Content";
			sourceTree = "<group>";
		};
		970420422541C63C004C8042 /* CombinePlaygroundTests */ = {
			isa = PBXGroup;
			children = (
				970420432541C63C004C8042 /* CombinePlaygroundTests.swift */,
				970420452541C63C004C8042 /* Info.plist */,
				97413FF525913C8600CFD482 /* SubscribeOnReceiveOnTests.swift */,
			);
			path = CombinePlaygroundTests;
			sourceTree = "<group>";
		};
		9704204D2541C63C004C8042 /* CombinePlaygroundUITests */ = {
			isa = PBXGroup;
			children = (
				9704204E2541C63C004C8042 /* CombinePlaygroundUITests.swift */,
				970420502541C63C004C8042 /* Info.plist */,
			);
			path = CombinePlaygroundUITests;
			sourceTree = "<group>";
		};
/* End PBXGroup section */

/* Begin PBXNativeTarget section */
		9704202D2541C63B004C8042 /* CombinePlayground */ = {
			isa = PBXNativeTarget;
			buildConfigurationList = 970420532541C63C004C8042 /* Build configuration list for PBXNativeTarget "CombinePlayground" */;
			buildPhases = (
				9704202A2541C63B004C8042 /* Sources */,
				9704202B2541C63B004C8042 /* Frameworks */,
				9704202C2541C63B004C8042 /* Resources */,
			);
			buildRules = (
			);
			dependencies = (
			);
			name = CombinePlayground;
			productName = CombinePlayground;
			productReference = 9704202E2541C63B004C8042 /* CombinePlayground.app */;
			productType = "com.apple.product-type.application";
		};
		9704203E2541C63C004C8042 /* CombinePlaygroundTests */ = {
			isa = PBXNativeTarget;
			buildConfigurationList = 970420562541C63C004C8042 /* Build configuration list for PBXNativeTarget "CombinePlaygroundTests" */;
			buildPhases = (
				9704203B2541C63C004C8042 /* Sources */,
				9704203C2541C63C004C8042 /* Frameworks */,
				9704203D2541C63C004C8042 /* Resources */,
			);
			buildRules = (
			);
			dependencies = (
				970420412541C63C004C8042 /* PBXTargetDependency */,
			);
			name = CombinePlaygroundTests;
			productName = CombinePlaygroundTests;
			productReference = 9704203F2541C63C004C8042 /* CombinePlaygroundTests.xctest */;
			productType = "com.apple.product-type.bundle.unit-test";
		};
		970420492541C63C004C8042 /* CombinePlaygroundUITests */ = {
			isa = PBXNativeTarget;
			buildConfigurationList = 970420592541C63C004C8042 /* Build configuration list for PBXNativeTarget "CombinePlaygroundUITests" */;
			buildPhases = (
				970420462541C63C004C8042 /* Sources */,
				970420472541C63C004C8042 /* Frameworks */,
				970420482541C63C004C8042 /* Resources */,
			);
			buildRules = (
			);
			dependencies = (
				9704204C2541C63C004C8042 /* PBXTargetDependency */,
			);
			name = CombinePlaygroundUITests;
			productName = CombinePlaygroundUITests;
			productReference = 9704204A2541C63C004C8042 /* CombinePlaygroundUITests.xctest */;
			productType = "com.apple.product-type.bundle.ui-testing";
		};
/* End PBXNativeTarget section */

/* Begin PBXProject section */
		970420262541C63B004C8042 /* Project object */ = {
			isa = PBXProject;
			attributes = {
				LastSwiftUpdateCheck = 1210;
				LastUpgradeCheck = 1210;
				TargetAttributes = {
					9704202D2541C63B004C8042 = {
						CreatedOnToolsVersion = 12.1;
					};
					9704203E2541C63C004C8042 = {
						CreatedOnToolsVersion = 12.1;
						TestTargetID = 9704202D2541C63B004C8042;
					};
					970420492541C63C004C8042 = {
						CreatedOnToolsVersion = 12.1;
						TestTargetID = 9704202D2541C63B004C8042;
					};
				};
			};
			buildConfigurationList = 970420292541C63B004C8042 /* Build configuration list for PBXProject "CombinePlayground" */;
			compatibilityVersion = "Xcode 9.3";
			developmentRegion = en;
			hasScannedForEncodings = 0;
			knownRegions = (
				en,
				Base,
			);
			mainGroup = 970420252541C63B004C8042;
			productRefGroup = 9704202F2541C63B004C8042 /* Products */;
			projectDirPath = "";
			projectRoot = "";
			targets = (
				9704202D2541C63B004C8042 /* CombinePlayground */,
				9704203E2541C63C004C8042 /* CombinePlaygroundTests */,
				970420492541C63C004C8042 /* CombinePlaygroundUITests */,
			);
		};
/* End PBXProject section */

/* Begin PBXResourcesBuildPhase section */
		9704202C2541C63B004C8042 /* Resources */ = {
			isa = PBXResourcesBuildPhase;
			buildActionMask = 2147483647;
			files = (
				970420392541C63C004C8042 /* Preview Assets.xcassets in Resources */,
				970420362541C63C004C8042 /* Assets.xcassets in Resources */,
			);
			runOnlyForDeploymentPostprocessing = 0;
		};
		9704203D2541C63C004C8042 /* Resources */ = {
			isa = PBXResourcesBuildPhase;
			buildActionMask = 2147483647;
			files = (
			);
			runOnlyForDeploymentPostprocessing = 0;
		};
		970420482541C63C004C8042 /* Resources */ = {
			isa = PBXResourcesBuildPhase;
			buildActionMask = 2147483647;
			files = (
			);
			runOnlyForDeploymentPostprocessing = 0;
		};
/* End PBXResourcesBuildPhase section */

/* Begin PBXSourcesBuildPhase section */
		9704202A2541C63B004C8042 /* Sources */ = {
			isa = PBXSourcesBuildPhase;
			buildActionMask = 2147483647;
			files = (
				970420342541C63B004C8042 /* ContentView.swift in Sources */,
				970420322541C63B004C8042 /* CombinePlaygroundApp.swift in Sources */,
			);
			runOnlyForDeploymentPostprocessing = 0;
		};
		9704203B2541C63C004C8042 /* Sources */ = {
			isa = PBXSourcesBuildPhase;
			buildActionMask = 2147483647;
			files = (
				97413FF625913C8600CFD482 /* SubscribeOnReceiveOnTests.swift in Sources */,
				970420442541C63C004C8042 /* CombinePlaygroundTests.swift in Sources */,
			);
			runOnlyForDeploymentPostprocessing = 0;
		};
		970420462541C63C004C8042 /* Sources */ = {
			isa = PBXSourcesBuildPhase;
			buildActionMask = 2147483647;
			files = (
				9704204F2541C63C004C8042 /* CombinePlaygroundUITests.swift in Sources */,
			);
			runOnlyForDeploymentPostprocessing = 0;
		};
/* End PBXSourcesBuildPhase section */

/* Begin PBXTargetDependency section */
		970420412541C63C004C8042 /* PBXTargetDependency */ = {
			isa = PBXTargetDependency;
			target = 9704202D2541C63B004C8042 /* CombinePlayground */;
			targetProxy = 970420402541C63C004C8042 /* PBXContainerItemProxy */;
		};
		9704204C2541C63C004C8042 /* PBXTargetDependency */ = {
			isa = PBXTargetDependency;
			target = 9704202D2541C63B004C8042 /* CombinePlayground */;
			targetProxy = 9704204B2541C63C004C8042 /* PBXContainerItemProxy */;
		};
/* End PBXTargetDependency section */

/* Begin XCBuildConfiguration section */
		970420512541C63C004C8042 /* Debug */ = {
			isa = XCBuildConfiguration;
			buildSettings = {
				ALWAYS_SEARCH_USER_PATHS = NO;
				CLANG_ANALYZER_NONNULL = YES;
				CLANG_ANALYZER_NUMBER_OBJECT_CONVERSION = YES_AGGRESSIVE;
				CLANG_CXX_LANGUAGE_STANDARD = "gnu++14";
				CLANG_CXX_LIBRARY = "libc++";
				CLANG_ENABLE_MODULES = YES;
				CLANG_ENABLE_OBJC_ARC = YES;
				CLANG_ENABLE_OBJC_WEAK = YES;
				CLANG_WARN_BLOCK_CAPTURE_AUTORELEASING = YES;
				CLANG_WARN_BOOL_CONVERSION = YES;
				CLANG_WARN_COMMA = YES;
				CLANG_WARN_CONSTANT_CONVERSION = YES;
				CLANG_WARN_DEPRECATED_OBJC_IMPLEMENTATIONS = YES;
				CLANG_WARN_DIRECT_OBJC_ISA_USAGE = YES_ERROR;
				CLANG_WARN_DOCUMENTATION_COMMENTS = YES;
				CLANG_WARN_EMPTY_BODY = YES;
				CLANG_WARN_ENUM_CONVERSION = YES;
				CLANG_WARN_INFINITE_RECURSION = YES;
				CLANG_WARN_INT_CONVERSION = YES;
				CLANG_WARN_NON_LITERAL_NULL_CONVERSION = YES;
				CLANG_WARN_OBJC_IMPLICIT_RETAIN_SELF = YES;
				CLANG_WARN_OBJC_LITERAL_CONVERSION = YES;
				CLANG_WARN_OBJC_ROOT_CLASS = YES_ERROR;
				CLANG_WARN_QUOTED_INCLUDE_IN_FRAMEWORK_HEADER = YES;
				CLANG_WARN_RANGE_LOOP_ANALYSIS = YES;
				CLANG_WARN_STRICT_PROTOTYPES = YES;
				CLANG_WARN_SUSPICIOUS_MOVE = YES;
				CLANG_WARN_UNGUARDED_AVAILABILITY = YES_AGGRESSIVE;
				CLANG_WARN_UNREACHABLE_CODE = YES;
				CLANG_WARN__DUPLICATE_METHOD_MATCH = YES;
				COPY_PHASE_STRIP = NO;
				DEBUG_INFORMATION_FORMAT = dwarf;
				ENABLE_STRICT_OBJC_MSGSEND = YES;
				ENABLE_TESTABILITY = YES;
				GCC_C_LANGUAGE_STANDARD = gnu11;
				GCC_DYNAMIC_NO_PIC = NO;
				GCC_NO_COMMON_BLOCKS = YES;
				GCC_OPTIMIZATION_LEVEL = 0;
				GCC_PREPROCESSOR_DEFINITIONS = (
					"DEBUG=1",
					"$(inherited)",
				);
				GCC_WARN_64_TO_32_BIT_CONVERSION = YES;
				GCC_WARN_ABOUT_RETURN_TYPE = YES_ERROR;
				GCC_WARN_UNDECLARED_SELECTOR = YES;
				GCC_WARN_UNINITIALIZED_AUTOS = YES_AGGRESSIVE;
				GCC_WARN_UNUSED_FUNCTION = YES;
				GCC_WARN_UNUSED_VARIABLE = YES;
				IPHONEOS_DEPLOYMENT_TARGET = 14.1;
				MTL_ENABLE_DEBUG_INFO = INCLUDE_SOURCE;
				MTL_FAST_MATH = YES;
				ONLY_ACTIVE_ARCH = YES;
				SDKROOT = iphoneos;
				SWIFT_ACTIVE_COMPILATION_CONDITIONS = DEBUG;
				SWIFT_OPTIMIZATION_LEVEL = "-Onone";
			};
			name = Debug;
		};
		970420522541C63C004C8042 /* Release */ = {
			isa = XCBuildConfiguration;
			buildSettings = {
				ALWAYS_SEARCH_USER_PATHS = NO;
				CLANG_ANALYZER_NONNULL = YES;
				CLANG_ANALYZER_NUMBER_OBJECT_CONVERSION = YES_AGGRESSIVE;
				CLANG_CXX_LANGUAGE_STANDARD = "gnu++14";
				CLANG_CXX_LIBRARY = "libc++";
				CLANG_ENABLE_MODULES = YES;
				CLANG_ENABLE_OBJC_ARC = YES;
				CLANG_ENABLE_OBJC_WEAK = YES;
				CLANG_WARN_BLOCK_CAPTURE_AUTORELEASING = YES;
				CLANG_WARN_BOOL_CONVERSION = YES;
				CLANG_WARN_COMMA = YES;
				CLANG_WARN_CONSTANT_CONVERSION = YES;
				CLANG_WARN_DEPRECATED_OBJC_IMPLEMENTATIONS = YES;
				CLANG_WARN_DIRECT_OBJC_ISA_USAGE = YES_ERROR;
				CLANG_WARN_DOCUMENTATION_COMMENTS = YES;
				CLANG_WARN_EMPTY_BODY = YES;
				CLANG_WARN_ENUM_CONVERSION = YES;
				CLANG_WARN_INFINITE_RECURSION = YES;
				CLANG_WARN_INT_CONVERSION = YES;
				CLANG_WARN_NON_LITERAL_NULL_CONVERSION = YES;
				CLANG_WARN_OBJC_IMPLICIT_RETAIN_SELF = YES;
				CLANG_WARN_OBJC_LITERAL_CONVERSION = YES;
				CLANG_WARN_OBJC_ROOT_CLASS = YES_ERROR;
				CLANG_WARN_QUOTED_INCLUDE_IN_FRAMEWORK_HEADER = YES;
				CLANG_WARN_RANGE_LOOP_ANALYSIS = YES;
				CLANG_WARN_STRICT_PROTOTYPES = YES;
				CLANG_WARN_SUSPICIOUS_MOVE = YES;
				CLANG_WARN_UNGUARDED_AVAILABILITY = YES_AGGRESSIVE;
				CLANG_WARN_UNREACHABLE_CODE = YES;
				CLANG_WARN__DUPLICATE_METHOD_MATCH = YES;
				COPY_PHASE_STRIP = NO;
				DEBUG_INFORMATION_FORMAT = "dwarf-with-dsym";
				ENABLE_NS_ASSERTIONS = NO;
				ENABLE_STRICT_OBJC_MSGSEND = YES;
				GCC_C_LANGUAGE_STANDARD = gnu11;
				GCC_NO_COMMON_BLOCKS = YES;
				GCC_WARN_64_TO_32_BIT_CONVERSION = YES;
				GCC_WARN_ABOUT_RETURN_TYPE = YES_ERROR;
				GCC_WARN_UNDECLARED_SELECTOR = YES;
				GCC_WARN_UNINITIALIZED_AUTOS = YES_AGGRESSIVE;
				GCC_WARN_UNUSED_FUNCTION = YES;
				GCC_WARN_UNUSED_VARIABLE = YES;
				IPHONEOS_DEPLOYMENT_TARGET = 14.1;
				MTL_ENABLE_DEBUG_INFO = NO;
				MTL_FAST_MATH = YES;
				SDKROOT = iphoneos;
				SWIFT_COMPILATION_MODE = wholemodule;
				SWIFT_OPTIMIZATION_LEVEL = "-O";
				VALIDATE_PRODUCT = YES;
			};
			name = Release;
		};
		970420542541C63C004C8042 /* Debug */ = {
			isa = XCBuildConfiguration;
			buildSettings = {
				ASSETCATALOG_COMPILER_APPICON_NAME = AppIcon;
				ASSETCATALOG_COMPILER_GLOBAL_ACCENT_COLOR_NAME = AccentColor;
				CODE_SIGN_STYLE = Automatic;
				DEVELOPMENT_ASSET_PATHS = "\"CombinePlayground/Preview Content\"";
				DEVELOPMENT_TEAM = B33FA55WD3;
				ENABLE_PREVIEWS = YES;
				INFOPLIST_FILE = CombinePlayground/Info.plist;
				IPHONEOS_DEPLOYMENT_TARGET = 14.0;
				LD_RUNPATH_SEARCH_PATHS = (
					"$(inherited)",
					"@executable_path/Frameworks",
				);
				PRODUCT_BUNDLE_IDENTIFIER = Maltagliati.CombinePlayground;
				PRODUCT_NAME = "$(TARGET_NAME)";
				SWIFT_VERSION = 5.0;
				TARGETED_DEVICE_FAMILY = "1,2";
			};
			name = Debug;
		};
		970420552541C63C004C8042 /* Release */ = {
			isa = XCBuildConfiguration;
			buildSettings = {
				ASSETCATALOG_COMPILER_APPICON_NAME = AppIcon;
				ASSETCATALOG_COMPILER_GLOBAL_ACCENT_COLOR_NAME = AccentColor;
				CODE_SIGN_STYLE = Automatic;
				DEVELOPMENT_ASSET_PATHS = "\"CombinePlayground/Preview Content\"";
				DEVELOPMENT_TEAM = B33FA55WD3;
				ENABLE_PREVIEWS = YES;
				INFOPLIST_FILE = CombinePlayground/Info.plist;
				IPHONEOS_DEPLOYMENT_TARGET = 14.0;
				LD_RUNPATH_SEARCH_PATHS = (
					"$(inherited)",
					"@executable_path/Frameworks",
				);
				PRODUCT_BUNDLE_IDENTIFIER = Maltagliati.CombinePlayground;
				PRODUCT_NAME = "$(TARGET_NAME)";
				SWIFT_VERSION = 5.0;
				TARGETED_DEVICE_FAMILY = "1,2";
			};
			name = Release;
		};
		970420572541C63C004C8042 /* Debug */ = {
			isa = XCBuildConfiguration;
			buildSettings = {
				ALWAYS_EMBED_SWIFT_STANDARD_LIBRARIES = YES;
				BUNDLE_LOADER = "$(TEST_HOST)";
				CODE_SIGN_STYLE = Automatic;
				DEVELOPMENT_TEAM = B33FA55WD3;
				INFOPLIST_FILE = CombinePlaygroundTests/Info.plist;
				IPHONEOS_DEPLOYMENT_TARGET = 14.0;
				LD_RUNPATH_SEARCH_PATHS = (
					"$(inherited)",
					"@executable_path/Frameworks",
					"@loader_path/Frameworks",
				);
				PRODUCT_BUNDLE_IDENTIFIER = Maltagliati.CombinePlaygroundTests;
				PRODUCT_NAME = "$(TARGET_NAME)";
				SWIFT_VERSION = 5.0;
				TARGETED_DEVICE_FAMILY = "1,2";
				TEST_HOST = "$(BUILT_PRODUCTS_DIR)/CombinePlayground.app/CombinePlayground";
			};
			name = Debug;
		};
		970420582541C63C004C8042 /* Release */ = {
			isa = XCBuildConfiguration;
			buildSettings = {
				ALWAYS_EMBED_SWIFT_STANDARD_LIBRARIES = YES;
				BUNDLE_LOADER = "$(TEST_HOST)";
				CODE_SIGN_STYLE = Automatic;
				DEVELOPMENT_TEAM = B33FA55WD3;
				INFOPLIST_FILE = CombinePlaygroundTests/Info.plist;
				IPHONEOS_DEPLOYMENT_TARGET = 14.0;
				LD_RUNPATH_SEARCH_PATHS = (
					"$(inherited)",
					"@executable_path/Frameworks",
					"@loader_path/Frameworks",
				);
				PRODUCT_BUNDLE_IDENTIFIER = Maltagliati.CombinePlaygroundTests;
				PRODUCT_NAME = "$(TARGET_NAME)";
				SWIFT_VERSION = 5.0;
				TARGETED_DEVICE_FAMILY = "1,2";
				TEST_HOST = "$(BUILT_PRODUCTS_DIR)/CombinePlayground.app/CombinePlayground";
			};
			name = Release;
		};
		9704205A2541C63C004C8042 /* Debug */ = {
			isa = XCBuildConfiguration;
			buildSettings = {
				ALWAYS_EMBED_SWIFT_STANDARD_LIBRARIES = YES;
				CODE_SIGN_STYLE = Automatic;
				DEVELOPMENT_TEAM = B33FA55WD3;
				INFOPLIST_FILE = CombinePlaygroundUITests/Info.plist;
				LD_RUNPATH_SEARCH_PATHS = (
					"$(inherited)",
					"@executable_path/Frameworks",
					"@loader_path/Frameworks",
				);
				PRODUCT_BUNDLE_IDENTIFIER = Maltagliati.CombinePlaygroundUITests;
				PRODUCT_NAME = "$(TARGET_NAME)";
				SWIFT_VERSION = 5.0;
				TARGETED_DEVICE_FAMILY = "1,2";
				TEST_TARGET_NAME = CombinePlayground;
			};
			name = Debug;
		};
		9704205B2541C63C004C8042 /* Release */ = {
			isa = XCBuildConfiguration;
			buildSettings = {
				ALWAYS_EMBED_SWIFT_STANDARD_LIBRARIES = YES;
				CODE_SIGN_STYLE = Automatic;
				DEVELOPMENT_TEAM = B33FA55WD3;
				INFOPLIST_FILE = CombinePlaygroundUITests/Info.plist;
				LD_RUNPATH_SEARCH_PATHS = (
					"$(inherited)",
					"@executable_path/Frameworks",
					"@loader_path/Frameworks",
				);
				PRODUCT_BUNDLE_IDENTIFIER = Maltagliati.CombinePlaygroundUITests;
				PRODUCT_NAME = "$(TARGET_NAME)";
				SWIFT_VERSION = 5.0;
				TARGETED_DEVICE_FAMILY = "1,2";
				TEST_TARGET_NAME = CombinePlayground;
			};
			name = Release;
		};
/* End XCBuildConfiguration section */

/* Begin XCConfigurationList section */
		970420292541C63B004C8042 /* Build configuration list for PBXProject "CombinePlayground" */ = {
			isa = XCConfigurationList;
			buildConfigurations = (
				970420512541C63C004C8042 /* Debug */,
				970420522541C63C004C8042 /* Release */,
			);
			defaultConfigurationIsVisible = 0;
			defaultConfigurationName = Release;
		};
		970420532541C63C004C8042 /* Build configuration list for PBXNativeTarget "CombinePlayground" */ = {
			isa = XCConfigurationList;
			buildConfigurations = (
				970420542541C63C004C8042 /* Debug */,
				970420552541C63C004C8042 /* Release */,
			);
			defaultConfigurationIsVisible = 0;
			defaultConfigurationName = Release;
		};
		970420562541C63C004C8042 /* Build configuration list for PBXNativeTarget "CombinePlaygroundTests" */ = {
			isa = XCConfigurationList;
			buildConfigurations = (
				970420572541C63C004C8042 /* Debug */,
				970420582541C63C004C8042 /* Release */,
			);
			defaultConfigurationIsVisible = 0;
			defaultConfigurationName = Release;
		};
		970420592541C63C004C8042 /* Build configuration list for PBXNativeTarget "CombinePlaygroundUITests" */ = {
			isa = XCConfigurationList;
			buildConfigurations = (
				9704205A2541C63C004C8042 /* Debug */,
				9704205B2541C63C004C8042 /* Release */,
			);
			defaultConfigurationIsVisible = 0;
			defaultConfigurationName = Release;
		};
/* End XCConfigurationList section */
	};
	rootObject = 970420262541C63B004C8042 /* Project object */;
}
